{
  "name": "data-structure",
  "version": "1.0.0",
  "lockfileVersion": 3,
  "requires": true,
  "packages": {
    "": {
      "name": "data-structure",
      "version": "1.0.0",
      "license": "ISC",
      "dependencies": {
        "hy-algokit": "^1.4.0"
      },
      "devDependencies": {
        "@types/node": "^18.15.12"
      }
    },
    "node_modules/@types/node": {
      "version": "18.15.12",
      "resolved": "https://registry.npmjs.org/@types/node/-/node-18.15.12.tgz",
      "integrity": "sha512-Wha1UwsB3CYdqUm2PPzh/1gujGCNtWVUYF0mB00fJFoR4gTyWTDPjSm+zBF787Ahw8vSGgBja90MkgFwvB86Dg==",
      "dev": true
    },
    "node_modules/hy-algokit": {
      "version": "1.4.0",
      "resolved": "https://registry.npmjs.org/hy-algokit/-/hy-algokit-1.4.0.tgz",
      "integrity": "sha512-Eehnx7YS7VUzZsuntin9B2kolfIWYtPOsh922ZQ/ZUZxP1nUIWqIw2sna5lXpU5SzkOugeNdIDGN1sRnv3yeIw=="
    }
  }
}
